
Microsoft Visual Studio Solution File, Format Version 12.00
# Visual Studio 14
VisualStudioVersion = 14.0.25123.0
MinimumVisualStudioVersion = 10.0.40219.1
Project("{FAE04EC0-301F-11D3-BF4B-00C04F79EFBC}") = "Ntier.WinFormUI", "Ntier.WinFormUI\Ntier.WinFormUI.csproj", "{ABF9013A-E6C0-47BF-BF07-9E348A071368}"
EndProject
Project("{FAE04EC0-301F-11D3-BF4B-00C04F79EFBC}") = "Ntier.ORM", "Ntier.ORM\Ntier.ORM.csproj", "{45003DB4-D4A9-4BE7-A131-BD98F331B3EF}"
EndProject
Global
	GlobalSection(SolutionConfigurationPlatforms) = preSolution
		Debug|Any CPU = Debug|Any CPU
		Release|Any CPU = Release|Any CPU
	EndGlobalSection
	GlobalSection(ProjectConfigurationPlatforms) = postSolution
		{ABF9013A-E6C0-47BF-BF07-9E348A071368}.Debug|Any CPU.ActiveCfg = Debug|Any CPU
		{ABF9013A-E6C0-47BF-BF07-9E348A071368}.Debug|Any CPU.Build.0 = Debug|Any CPU
		{ABF9013A-E6C0-47BF-BF07-9E348A071368}.Release|Any CPU.ActiveCfg = Release|Any CPU
		{ABF9013A-E6C0-47BF-BF07-9E348A071368}.Release|Any CPU.Build.0 = Release|Any CPU
		{45003DB4-D4A9-4BE7-A131-BD98F331B3EF}.Debug|Any CPU.ActiveCfg = Debug|Any CPU
		{45003DB4-D4A9-4BE7-A131-BD98F331B3EF}.Debug|Any CPU.Build.0 = Debug|Any CPU
		{45003DB4-D4A9-4BE7-A131-BD98F331B3EF}.Release|Any CPU.ActiveCfg = Release|Any CPU
		{45003DB4-D4A9-4BE7-A131-BD98F331B3EF}.Release|Any CPU.Build.0 = Release|Any CPU
	EndGlobalSection
	GlobalSection(SolutionProperties) = preSolution
		HideSolutionNode = FALSE
	EndGlobalSection
EndGlobal
